Microsoft Visual Studio Solution File, Format Version 12.00
# Visual Studio Version 17
VisualStudioVersion = 17.5.2.0
MinimumVisualStudioVersion = 10.0.40219.1
Project("{2150E333-8FDC-42A3-9474-1A3956D46DE8}") = "packages", "packages", "{809F86A1-1C4C-B159-0CD4-DF9D33D876CE}"
EndProject
Project("{2150E333-8FDC-42A3-9474-1A3956D46DE8}") = "tools", "tools", "{07C2787E-EAC7-C090-1BA3-A61EC2A24D84}"
EndProject
Project("{2150E333-8FDC-42A3-9474-1A3956D46DE8}") = "tizen_app_manager", "tizen_app_manager", "{1186F6E3-1C65-29E7-A085-0DE46A2539D2}"
EndProject
Project("{2150E333-8FDC-42A3-9474-1A3956D46DE8}") = "example", "example", "{C71E4225-A7AA-3CCB-3F5A-A6E64E45EF74}"
EndProject
Project("{FAE04EC0-301F-11D3-BF4B-00C04F79EFBC}") = "Runner", "packages\tizen_app_manager\example\tizen\Runner.csproj", "{11A64020-2AAF-92F4-AB02-63EF13D40E25}"
EndProject
Project("{2150E333-8FDC-42A3-9474-1A3956D46DE8}") = "shared_preferences", "shared_preferences", "{0F26BF66-7973-78E3-B6B5-6EF84B7D1B55}"
EndProject
Project("{2150E333-8FDC-42A3-9474-1A3956D46DE8}") = "example", "example", "{EBE28974-BCB0-2639-05CE-18D4ADE3736C}"
EndProject
Project("{FAE04EC0-301F-11D3-BF4B-00C04F79EFBC}") = "Runner", "packages\shared_preferences\example\tizen\Runner.csproj", "{64D781BD-E3EB-4EA5-5C66-EAE2CF21A79F}"
EndProject
Project("{2150E333-8FDC-42A3-9474-1A3956D46DE8}") = "google_maps_flutter", "google_maps_flutter", "{27B84EAA-C397-AEFA-4572-0B90CD70755F}"
EndProject
Project("{2150E333-8FDC-42A3-9474-1A3956D46DE8}") = "example", "example", "{2B6D9799-AAA8-EB38-8FDF-B48FC0CE03A2}"
EndProject
Project("{FAE04EC0-301F-11D3-BF4B-00C04F79EFBC}") = "Runner", "packages\google_maps_flutter\example\tizen\Runner.csproj", "{E3698DAF-27DB-8E67-A568-E27A2E74B16E}"
EndProject
Project("{2150E333-8FDC-42A3-9474-1A3956D46DE8}") = "messageport", "messageport", "{DC195ABF-CB88-BEEF-05F7-C0ABED246989}"
EndProject
Project("{2150E333-8FDC-42A3-9474-1A3956D46DE8}") = "example", "example", "{377E402A-E20B-A993-396E-5D7F59A3AE3D}"
EndProject
Project("{FAE04EC0-301F-11D3-BF4B-00C04F79EFBC}") = "Runner", "packages\messageport\example\tizen\Runner.csproj", "{9563DDC8-00A5-EE0E-9F6C-77B9051FEBBC}"
EndProject
Project("{2150E333-8FDC-42A3-9474-1A3956D46DE8}") = "permission_handler", "permission_handler", "{C76C754F-D8F5-A717-4B51-3E72B49129EC}"
EndProject
Project("{2150E333-8FDC-42A3-9474-1A3956D46DE8}") = "example", "example", "{06FB6FEB-D756-8389-B588-57453D920FEB}"
EndProject
Project("{FAE04EC0-301F-11D3-BF4B-00C04F79EFBC}") = "Runner", "packages\permission_handler\example\tizen\Runner.csproj", "{CF75C6D5-965E-C3CB-87BD-02B19D923C3B}"
EndProject
Project("{2150E333-8FDC-42A3-9474-1A3956D46DE8}") = "sensors_plus", "sensors_plus", "{AF8D98AE-CD55-2AB4-9279-9A2A89CF4E5D}"
EndProject
Project("{2150E333-8FDC-42A3-9474-1A3956D46DE8}") = "example", "example", "{6028BDCD-118B-3270-9B85-AA489BB3267A}"
EndProject
Project("{FAE04EC0-301F-11D3-BF4B-00C04F79EFBC}") = "Runner", "packages\sensors_plus\example\tizen\Runner.csproj", "{D4C16E2D-1351-8408-A0D2-F6B5BB189616}"
EndProject
Project("{2150E333-8FDC-42A3-9474-1A3956D46DE8}") = "camera", "camera", "{6EEEC3D6-3708-7675-DBB3-1A5E51B6CD15}"
EndProject
Project("{2150E333-8FDC-42A3-9474-1A3956D46DE8}") = "example", "example", "{3470038A-55E6-924F-B9EC-06600B2B1A61}"
EndProject
Project("{FAE04EC0-301F-11D3-BF4B-00C04F79EFBC}") = "Runner", "packages\camera\example\tizen\Runner.csproj", "{73D2FA7D-A9DD-8FFA-F4C3-66F823B99E89}"
EndProject
Project("{2150E333-8FDC-42A3-9474-1A3956D46DE8}") = "device_info_plus", "device_info_plus", "{C82330FA-0BF1-B820-B1E1-92183DF9B7D1}"
EndProject
Project("{2150E333-8FDC-42A3-9474-1A3956D46DE8}") = "example", "example", "{92643232-74A0-222B-E34C-81B341D16D0C}"
EndProject
Project("{FAE04EC0-301F-11D3-BF4B-00C04F79EFBC}") = "Runner", "packages\device_info_plus\example\tizen\Runner.csproj", "{B7A4AE4E-EC2A-5ED4-B16A-743D2D1FA522}"
EndProject
Project("{2150E333-8FDC-42A3-9474-1A3956D46DE8}") = "tizen_audio_manager", "tizen_audio_manager", "{D398EAE1-C8F8-70CD-69B5-2E4E24BEE3BB}"
EndProject
Project("{2150E333-8FDC-42A3-9474-1A3956D46DE8}") = "example", "example", "{9EEE25A2-07EA-621F-2135-95B97BAA6ACB}"
EndProject
Project("{FAE04EC0-301F-11D3-BF4B-00C04F79EFBC}") = "Runner", "packages\tizen_audio_manager\example\tizen\Runner.csproj", "{E9E43215-86F9-40E0-A81D-986C48FB5A32}"
EndProject
Project("{2150E333-8FDC-42A3-9474-1A3956D46DE8}") = "path_provider", "path_provider", "{4B56E9E0-57C3-3B6E-9673-087532A78534}"
EndProject
Project("{2150E333-8FDC-42A3-9474-1A3956D46DE8}") = "example", "example", "{DBF96440-877B-10B0-0AB2-B1DC129FB3C8}"
EndProject
Project("{FAE04EC0-301F-11D3-BF4B-00C04F79EFBC}") = "Runner", "packages\path_provider\example\tizen\Runner.csproj", "{93EE2E61-4D36-5450-3A49-97AE0AEE4671}"
EndProject
Project("{2150E333-8FDC-42A3-9474-1A3956D46DE8}") = "tizen_bundle", "tizen_bundle", "{C1F0DA73-4975-B4BE-1479-CF451C04DEA7}"
EndProject
Project("{2150E333-8FDC-42A3-9474-1A3956D46DE8}") = "example", "example", "{D8F55AE2-64E0-7868-2088-4130E0B54686}"
EndProject
Project("{FAE04EC0-301F-11D3-BF4B-00C04F79EFBC}") = "Runner", "packages\tizen_bundle\example\tizen\Runner.csproj", "{53106A88-CC0A-9418-FFC9-E062BCC2ED31}"
EndProject
Project("{2150E333-8FDC-42A3-9474-1A3956D46DE8}") = "tizen_notification", "tizen_notification", "{6B56BAA0-5D93-5E9D-DEA6-AD115415FCF5}"
EndProject
Project("{2150E333-8FDC-42A3-9474-1A3956D46DE8}") = "example", "example", "{A70D1388-A2D0-713E-0363-A27F9338BC1A}"
EndProject
Project("{FAE04EC0-301F-11D3-BF4B-00C04F79EFBC}") = "Runner", "packages\tizen_notification\example\tizen\Runner.csproj", "{7FCF9EBB-C773-528F-4E56-ECBAF8230757}"
EndProject
Project("{2150E333-8FDC-42A3-9474-1A3956D46DE8}") = "wakelock_plus", "wakelock_plus", "{5D2C2EEA-0576-6671-012F-441C4653FD39}"
EndProject
Project("{2150E333-8FDC-42A3-9474-1A3956D46DE8}") = "example", "example", "{6F45F1E2-4694-500C-AEFC-5F1B02ABDF1B}"
EndProject
Project("{FAE04EC0-301F-11D3-BF4B-00C04F79EFBC}") = "Runner", "packages\wakelock_plus\example\tizen\Runner.csproj", "{9539F63E-5AB0-DDBC-FEAF-52670EE46BAD}"
EndProject
Project("{2150E333-8FDC-42A3-9474-1A3956D46DE8}") = "tizen_package_manager", "tizen_package_manager", "{A0A5E9E7-7139-E46A-1111-7453603962C9}"
EndProject
Project("{2150E333-8FDC-42A3-9474-1A3956D46DE8}") = "example", "example", "{D43E92C8-5260-BE57-6B2A-C32C615372C2}"
EndProject
Project("{FAE04EC0-301F-11D3-BF4B-00C04F79EFBC}") = "Runner", "packages\tizen_package_manager\example\tizen\Runner.csproj", "{C4823B66-179C-FC53-AED0-3D3F6C392877}"
EndProject
Project("{2150E333-8FDC-42A3-9474-1A3956D46DE8}") = "in_app_purchase", "in_app_purchase", "{EAB9D172-5C89-1EEF-27E0-6BA40FC02AE7}"
EndProject
Project("{2150E333-8FDC-42A3-9474-1A3956D46DE8}") = "example", "example", "{0B4F1F45-C104-48EA-0B96-32DD6E5EA8D5}"
EndProject
Project("{FAE04EC0-301F-11D3-BF4B-00C04F79EFBC}") = "Runner", "packages\in_app_purchase\example\tizen\Runner.csproj", "{99E01F8F-C41B-FA23-E287-D34E77FDF8B7}"
EndProject
Project("{2150E333-8FDC-42A3-9474-1A3956D46DE8}") = "webview_flutter", "webview_flutter", "{AEF56CB3-E52E-6A70-F91E-F8BAD31A38E7}"
EndProject
Project("{2150E333-8FDC-42A3-9474-1A3956D46DE8}") = "example", "example", "{3234BD33-4007-4194-9656-6AD51DB0E80A}"
EndProject
Project("{FAE04EC0-301F-11D3-BF4B-00C04F79EFBC}") = "Runner", "packages\webview_flutter\example\tizen\Runner.csproj", "{78805823-0E12-1351-0766-CEB01E2F7444}"
EndProject
Project("{2150E333-8FDC-42A3-9474-1A3956D46DE8}") = "url_launcher", "url_launcher", "{85C971AD-4C2C-B724-7472-16715BF64C38}"
EndProject
Project("{2150E333-8FDC-42A3-9474-1A3956D46DE8}") = "example", "example", "{E68C16DD-DD30-FC32-454D-A94D4D065106}"
EndProject
Project("{FAE04EC0-301F-11D3-BF4B-00C04F79EFBC}") = "Runner", "packages\url_launcher\example\tizen\Runner.csproj", "{FC2483CA-CD6F-9BB5-674D-B7D9AFDF5FB7}"
EndProject
Project("{2150E333-8FDC-42A3-9474-1A3956D46DE8}") = "google_sign_in", "google_sign_in", "{00D16636-5608-FE55-C88E-7041A2971825}"
EndProject
Project("{2150E333-8FDC-42A3-9474-1A3956D46DE8}") = "example", "example", "{E7184E5A-9BA8-E5F2-B0C8-8ECBC6F45C1D}"
EndProject
Project("{FAE04EC0-301F-11D3-BF4B-00C04F79EFBC}") = "Runner", "packages\google_sign_in\example\tizen\Runner.csproj", "{8089B84C-B483-3A9D-9FEB-067D6A1AD42B}"
EndProject
Project("{2150E333-8FDC-42A3-9474-1A3956D46DE8}") = "geolocator", "geolocator", "{D3909EA4-DF3F-E9EF-0E0C-054BD410D2C5}"
EndProject
Project("{2150E333-8FDC-42A3-9474-1A3956D46DE8}") = "example", "example", "{D63732CA-4E32-51E7-7F23-D96784CC6138}"
EndProject
Project("{FAE04EC0-301F-11D3-BF4B-00C04F79EFBC}") = "Runner", "packages\geolocator\example\tizen\Runner.csproj", "{A0FD7B1F-4921-99CA-42FC-030EE8452BDC}"
EndProject
Project("{2150E333-8FDC-42A3-9474-1A3956D46DE8}") = "wearable_rotary", "wearable_rotary", "{189F2956-EA81-822D-BF28-DF05D1549267}"
EndProject
Project("{2150E333-8FDC-42A3-9474-1A3956D46DE8}") = "example", "example", "{EEAF4533-FACE-7D9C-9115-0835AB89EB61}"
EndProject
Project("{FAE04EC0-301F-11D3-BF4B-00C04F79EFBC}") = "Runner", "packages\wearable_rotary\example\tizen\Runner.csproj", "{CB9B8679-CF6A-B32A-5DFA-6AF0C069D8F7}"
EndProject
Project("{2150E333-8FDC-42A3-9474-1A3956D46DE8}") = "integration_test", "integration_test", "{A248FB5B-50A5-D018-D440-A72F744B7CC3}"
EndProject
Project("{2150E333-8FDC-42A3-9474-1A3956D46DE8}") = "example", "example", "{BD92C1EF-455B-E6FC-136D-256B8A9C6B36}"
EndProject
Project("{FAE04EC0-301F-11D3-BF4B-00C04F79EFBC}") = "Runner", "packages\integration_test\example\tizen\Runner.csproj", "{2290694C-91ED-538A-F567-7D383CB56329}"
EndProject
Project("{2150E333-8FDC-42A3-9474-1A3956D46DE8}") = "webview_flutter_lwe", "webview_flutter_lwe", "{6BD79F1E-7D37-F806-DE13-DBBA982D3CA1}"
EndProject
Project("{2150E333-8FDC-42A3-9474-1A3956D46DE8}") = "example", "example", "{7AB32B1E-5383-30E7-02AF-001A9CD9E8E3}"
EndProject
Project("{FAE04EC0-301F-11D3-BF4B-00C04F79EFBC}") = "Runner", "packages\webview_flutter_lwe\example\tizen\Runner.csproj", "{3E6D5621-B514-6D70-84D6-B51F75B89A1F}"
EndProject
Project("{2150E333-8FDC-42A3-9474-1A3956D46DE8}") = "network_info_plus", "network_info_plus", "{242EF8A6-C497-C4CF-D4D2-66CF7EA372B2}"
EndProject
Project("{2150E333-8FDC-42A3-9474-1A3956D46DE8}") = "example", "example", "{249982BB-3386-F848-0C2F-007B2F72DA51}"
EndProject
Project("{FAE04EC0-301F-11D3-BF4B-00C04F79EFBC}") = "Runner", "packages\network_info_plus\example\tizen\Runner.csproj", "{139BF169-2951-CA50-D9C6-801D6AED843F}"
EndProject
Project("{2150E333-8FDC-42A3-9474-1A3956D46DE8}") = "video_player", "video_player", "{034E324B-53D2-1335-8732-70FFB5012498}"
EndProject
Project("{2150E333-8FDC-42A3-9474-1A3956D46DE8}") = "example", "example", "{D6F810A9-5AE7-9E37-661B-83865AE6C5AB}"
EndProject
Project("{FAE04EC0-301F-11D3-BF4B-00C04F79EFBC}") = "Runner", "packages\video_player\example\tizen\Runner.csproj", "{7ADA0B45-E42F-678D-3316-E63F0859A944}"
EndProject
Project("{2150E333-8FDC-42A3-9474-1A3956D46DE8}") = "firebase_core", "firebase_core", "{5B56441D-E383-23FA-4D59-9C7CEEB15F4B}"
EndProject
Project("{2150E333-8FDC-42A3-9474-1A3956D46DE8}") = "example", "example", "{BA686149-B90B-5BDC-26DF-10D4246AB688}"
EndProject
Project("{FAE04EC0-301F-11D3-BF4B-00C04F79EFBC}") = "Runner", "packages\firebase_core\example\tizen\Runner.csproj", "{930AEE3F-DF2C-D285-FF0D-2E8BEC150347}"
EndProject
Project("{2150E333-8FDC-42A3-9474-1A3956D46DE8}") = "package_info_plus", "package_info_plus", "{354837D0-89BD-6CD2-EBC0-231CC070161E}"
EndProject
Project("{2150E333-8FDC-42A3-9474-1A3956D46DE8}") = "example", "example", "{F27604AD-160A-F682-CA74-25C53A03A5C8}"
EndProject
Project("{FAE04EC0-301F-11D3-BF4B-00C04F79EFBC}") = "Runner", "packages\package_info_plus\example\tizen\Runner.csproj", "{7F7EBD64-AD10-10B6-066C-DD151592BEF3}"
EndProject
Project("{2150E333-8FDC-42A3-9474-1A3956D46DE8}") = "image_picker", "image_picker", "{C53B38A9-CB2D-65E6-4036-389A23B149BF}"
EndProject
Project("{2150E333-8FDC-42A3-9474-1A3956D46DE8}") = "example", "example", "{9FA8CC1F-BA9C-A007-5379-52DDA2F3F15F}"
EndProject
Project("{FAE04EC0-301F-11D3-BF4B-00C04F79EFBC}") = "Runner", "packages\image_picker\example\tizen\Runner.csproj", "{CE61C34A-EF29-1380-679B-40194FFDCFE9}"
EndProject
Project("{2150E333-8FDC-42A3-9474-1A3956D46DE8}") = "tizen_log", "tizen_log", "{EB174E21-5FAC-5CA0-FD04-36712B2324DF}"
EndProject
Project("{2150E333-8FDC-42A3-9474-1A3956D46DE8}") = "example", "example", "{D695D07D-2DA2-B810-270D-AE9CC2408E0F}"
EndProject
Project("{FAE04EC0-301F-11D3-BF4B-00C04F79EFBC}") = "Runner", "packages\tizen_log\example\tizen\Runner.csproj", "{D8381E79-D18E-AA89-BCCF-A5953F1B5E73}"
EndProject
Project("{2150E333-8FDC-42A3-9474-1A3956D46DE8}") = "connectivity_plus", "connectivity_plus", "{017E1357-67A6-2E73-0179-2F0AFFA84523}"
EndProject
Project("{2150E333-8FDC-42A3-9474-1A3956D46DE8}") = "example", "example", "{8832313C-FC6F-BE50-16F5-C4F70E33E413}"
EndProject
Project("{FAE04EC0-301F-11D3-BF4B-00C04F79EFBC}") = "Runner", "packages\connectivity_plus\example\tizen\Runner.csproj", "{74617594-1AC0-72F4-5E1D-5C1F353651D1}"
EndProject
Project("{2150E333-8FDC-42A3-9474-1A3956D46DE8}") = "video_player_videohole", "video_player_videohole", "{5D54CB8E-C28E-20BF-ED16-884BDE7C62D6}"
EndProject
Project("{2150E333-8FDC-42A3-9474-1A3956D46DE8}") = "example", "example", "{48785610-DF35-B1B1-A0BD-07F34C629631}"
EndProject
Project("{FAE04EC0-301F-11D3-BF4B-00C04F79EFBC}") = "Runner", "packages\video_player_videohole\example\tizen\Runner.csproj", "{6AB5376F-6B8F-F2AB-1112-39E769E092E1}"
EndProject
Project("{2150E333-8FDC-42A3-9474-1A3956D46DE8}") = "sqflite", "sqflite", "{F45F25F0-2421-7AFD-8DBE-3EFDF8988506}"
EndProject
Project("{2150E333-8FDC-42A3-9474-1A3956D46DE8}") = "example", "example", "{A7DDCAEE-5996-4380-2B79-6E55C0A062F0}"
EndProject
Project("{FAE04EC0-301F-11D3-BF4B-00C04F79EFBC}") = "Runner", "packages\sqflite\example\tizen\Runner.csproj", "{D4DE023D-FA41-E4E0-BFBC-166E506583CC}"
EndProject
Project("{2150E333-8FDC-42A3-9474-1A3956D46DE8}") = "flutter_tts", "flutter_tts", "{6BF09BB8-4F3E-394F-4CF3-CB7E6C1FCFE6}"
EndProject
Project("{2150E333-8FDC-42A3-9474-1A3956D46DE8}") = "example", "example", "{3E96C5DD-7AC6-443E-16C8-5E3EFA045356}"
EndProject
Project("{FAE04EC0-301F-11D3-BF4B-00C04F79EFBC}") = "Runner", "packages\flutter_tts\example\tizen\Runner.csproj", "{94DDA6CD-F81D-63CD-5B2D-72A37D84393E}"
EndProject
Project("{2150E333-8FDC-42A3-9474-1A3956D46DE8}") = "battery_plus", "battery_plus", "{EEE9E84B-D9FC-B55E-7602-CA940EB3DAE8}"
EndProject
Project("{2150E333-8FDC-42A3-9474-1A3956D46DE8}") = "example", "example", "{96762B5D-938D-A837-1FF7-001DAFBCC1FC}"
EndProject
Project("{FAE04EC0-301F-11D3-BF4B-00C04F79EFBC}") = "Runner", "packages\battery_plus\example\tizen\Runner.csproj", "{52496E81-BFA4-3004-627D-E0596068494A}"
EndProject
Project("{2150E333-8FDC-42A3-9474-1A3956D46DE8}") = "flutter_secure_storage", "flutter_secure_storage", "{27C1C2D2-2FD6-A955-E398-1B2C910391D8}"
EndProject
Project("{2150E333-8FDC-42A3-9474-1A3956D46DE8}") = "example", "example", "{97BD22B4-39F9-AF71-7088-0A5F2726CC2F}"
EndProject
Project("{FAE04EC0-301F-11D3-BF4B-00C04F79EFBC}") = "Runner", "packages\flutter_secure_storage\example\tizen\Runner.csproj", "{E0B85D1B-0397-4DC0-6BEA-9917BE63E1D9}"
EndProject
Project("{2150E333-8FDC-42A3-9474-1A3956D46DE8}") = "flutter_app_badger", "flutter_app_badger", "{36C81D52-E238-9D9A-C4D1-AE5C432B847B}"
EndProject
Project("{2150E333-8FDC-42A3-9474-1A3956D46DE8}") = "example", "example", "{D0A1067A-6486-ADDF-6957-B607D554872E}"
EndProject
Project("{FAE04EC0-301F-11D3-BF4B-00C04F79EFBC}") = "Runner", "packages\flutter_app_badger\example\tizen\Runner.csproj", "{D53E429E-A668-9A33-63D2-D54AD7A6685C}"
EndProject
Project("{2150E333-8FDC-42A3-9474-1A3956D46DE8}") = "audioplayers", "audioplayers", "{6A3F44A1-2268-F20F-2F53-96A778DC3C89}"
EndProject
Project("{2150E333-8FDC-42A3-9474-1A3956D46DE8}") = "example", "example", "{5F5C3ED2-CECE-CB9D-F308-BED481195A82}"
EndProject
Project("{FAE04EC0-301F-11D3-BF4B-00C04F79EFBC}") = "Runner", "packages\audioplayers\example\tizen\Runner.csproj", "{A790C74F-78B7-C39C-6744-A2AA10E43502}"
EndProject
Project("{2150E333-8FDC-42A3-9474-1A3956D46DE8}") = "video_player_avplay", "video_player_avplay", "{A5956CEE-2A23-1194-1D62-A0E8FB3B0DC0}"
EndProject
Project("{2150E333-8FDC-42A3-9474-1A3956D46DE8}") = "example", "example", "{685F67C9-7657-8B67-767F-8C187960D307}"
EndProject
Project("{FAE04EC0-301F-11D3-BF4B-00C04F79EFBC}") = "Runner", "packages\video_player_avplay\example\tizen\Runner.csproj", "{66DE78D9-1BBD-3C59-B964-4331BA0BB4D7}"
EndProject
Project("{2150E333-8FDC-42A3-9474-1A3956D46DE8}") = "test_data", "test_data", "{F1E2E316-9A18-206A-A9D7-D000B5E97355}"
EndProject
Project("{2150E333-8FDC-42A3-9474-1A3956D46DE8}") = "foo", "foo", "{D1CC3568-9A1B-B4C9-8BAF-119EB2DB9958}"
EndProject
Project("{2150E333-8FDC-42A3-9474-1A3956D46DE8}") = "example", "example", "{53CEFF88-E08B-40BB-D294-05F08356CEA6}"
EndProject
Project("{FAE04EC0-301F-11D3-BF4B-00C04F79EFBC}") = "Runner", "tools\test_data\foo\example\tizen\Runner.csproj", "{CCF6D7CF-99E3-DE4D-DD05-E811A7D2FF72}"
EndProject
Project("{2150E333-8FDC-42A3-9474-1A3956D46DE8}") = "flutter_webrtc", "flutter_webrtc", "{FB54BA40-8036-B0AE-EABA-7223A74541F1}"
EndProject
Project("{2150E333-8FDC-42A3-9474-1A3956D46DE8}") = "example", "example", "{C450CC28-E4E6-DED1-5CCB-4DF00E03E39A}"
EndProject
Project("{2150E333-8FDC-42A3-9474-1A3956D46DE8}") = "flutter_webrtc_example", "flutter_webrtc_example", "{C9E9850F-CEDC-1066-38BD-9E1CE6EE9892}"
EndProject
Project("{FAE04EC0-301F-11D3-BF4B-00C04F79EFBC}") = "Runner", "packages\flutter_webrtc\example\flutter_webrtc_example\tizen\Runner.csproj", "{F89B4C1F-DE05-CE45-23E6-22774B9309F1}"
EndProject
Project("{2150E333-8FDC-42A3-9474-1A3956D46DE8}") = "flutter_webrtc_demo", "flutter_webrtc_demo", "{1A958947-B891-5500-96D3-1EBD85E2CFA2}"
EndProject
Project("{FAE04EC0-301F-11D3-BF4B-00C04F79EFBC}") = "Runner", "packages\flutter_webrtc\example\flutter_webrtc_demo\tizen\Runner.csproj", "{40913182-3A94-DD3A-EE6C-4CB3E2130C38}"
EndProject
Project("{2150E333-8FDC-42A3-9474-1A3956D46DE8}") = "tizen_app_control", "tizen_app_control", "{01F99059-06FE-83BC-098A-C2930AED05EC}"
EndProject
Project("{2150E333-8FDC-42A3-9474-1A3956D46DE8}") = "example", "example", "{36099395-919E-2825-6E38-4B83EAD9996E}"
EndProject
Project("{2150E333-8FDC-42A3-9474-1A3956D46DE8}") = "tizen", "tizen", "{FD9B3727-04C5-8579-B94B-6DF29854543E}"
EndProject
Project("{FAE04EC0-301F-11D3-BF4B-00C04F79EFBC}") = "RunnerService", "packages\tizen_app_control\example\tizen\service\RunnerService.csproj", "{ED82ABDA-E70C-7A83-646B-56D25205777B}"
EndProject
Project("{FAE04EC0-301F-11D3-BF4B-00C04F79EFBC}") = "Runner", "packages\tizen_app_control\example\tizen\ui\Runner.csproj", "{31BCAF40-3400-F18A-F19A-8AF854C71648}"
EndProject
Project("{2150E333-8FDC-42A3-9474-1A3956D46DE8}") = "tizen_rpc_port", "tizen_rpc_port", "{7F2A6608-D0A5-195A-5AA6-29E265ACE917}"
EndProject
Project("{2150E333-8FDC-42A3-9474-1A3956D46DE8}") = "example", "example", "{9994090C-684C-E433-5555-08CA6E933992}"
EndProject
Project("{2150E333-8FDC-42A3-9474-1A3956D46DE8}") = "client", "client", "{94F0B821-B0F6-9DCC-4414-4047B011B290}"
EndProject
Project("{FAE04EC0-301F-11D3-BF4B-00C04F79EFBC}") = "Runner", "packages\tizen_rpc_port\example\client\tizen\Runner.csproj", "{6C58280C-1E20-5AE9-4BE0-A1C0A5831400}"
EndProject
Project("{2150E333-8FDC-42A3-9474-1A3956D46DE8}") = "server", "server", "{74866D74-638F-0EE4-3C0C-32B4DB00D05E}"
EndProject
Project("{FAE04EC0-301F-11D3-BF4B-00C04F79EFBC}") = "Runner", "packages\tizen_rpc_port\example\server\tizen\Runner.csproj", "{B8B20E19-B726-A5CF-5CD7-0BDBA362B32E}"
EndProject
Global
	GlobalSection(SolutionConfigurationPlatforms) = preSolution
		Debug|Any CPU = Debug|Any CPU
		Release|Any CPU = Release|Any CPU
	EndGlobalSection
	GlobalSection(ProjectConfigurationPlatforms) = postSolution
		{11A64020-2AAF-92F4-AB02-63EF13D40E25}.Debug|Any CPU.ActiveCfg = Debug|Any CPU
		{11A64020-2AAF-92F4-AB02-63EF13D40E25}.Debug|Any CPU.Build.0 = Debug|Any CPU
		{11A64020-2AAF-92F4-AB02-63EF13D40E25}.Release|Any CPU.ActiveCfg = Release|Any CPU
		{11A64020-2AAF-92F4-AB02-63EF13D40E25}.Release|Any CPU.Build.0 = Release|Any CPU
		{64D781BD-E3EB-4EA5-5C66-EAE2CF21A79F}.Debug|Any CPU.ActiveCfg = Debug|Any CPU
		{64D781BD-E3EB-4EA5-5C66-EAE2CF21A79F}.Debug|Any CPU.Build.0 = Debug|Any CPU
		{64D781BD-E3EB-4EA5-5C66-EAE2CF21A79F}.Release|Any CPU.ActiveCfg = Release|Any CPU
		{64D781BD-E3EB-4EA5-5C66-EAE2CF21A79F}.Release|Any CPU.Build.0 = Release|Any CPU
		{E3698DAF-27DB-8E67-A568-E27A2E74B16E}.Debug|Any CPU.ActiveCfg = Debug|Any CPU
		{E3698DAF-27DB-8E67-A568-E27A2E74B16E}.Debug|Any CPU.Build.0 = Debug|Any CPU
		{E3698DAF-27DB-8E67-A568-E27A2E74B16E}.Release|Any CPU.ActiveCfg = Release|Any CPU
		{E3698DAF-27DB-8E67-A568-E27A2E74B16E}.Release|Any CPU.Build.0 = Release|Any CPU
		{9563DDC8-00A5-EE0E-9F6C-77B9051FEBBC}.Debug|Any CPU.ActiveCfg = Debug|Any CPU
		{9563DDC8-00A5-EE0E-9F6C-77B9051FEBBC}.Debug|Any CPU.Build.0 = Debug|Any CPU
		{9563DDC8-00A5-EE0E-9F6C-77B9051FEBBC}.Release|Any CPU.ActiveCfg = Release|Any CPU
		{9563DDC8-00A5-EE0E-9F6C-77B9051FEBBC}.Release|Any CPU.Build.0 = Release|Any CPU
		{CF75C6D5-965E-C3CB-87BD-02B19D923C3B}.Debug|Any CPU.ActiveCfg = Debug|Any CPU
		{CF75C6D5-965E-C3CB-87BD-02B19D923C3B}.Debug|Any CPU.Build.0 = Debug|Any CPU
		{CF75C6D5-965E-C3CB-87BD-02B19D923C3B}.Release|Any CPU.ActiveCfg = Release|Any CPU
		{CF75C6D5-965E-C3CB-87BD-02B19D923C3B}.Release|Any CPU.Build.0 = Release|Any CPU
		{D4C16E2D-1351-8408-A0D2-F6B5BB189616}.Debug|Any CPU.ActiveCfg = Debug|Any CPU
		{D4C16E2D-1351-8408-A0D2-F6B5BB189616}.Debug|Any CPU.Build.0 = Debug|Any CPU
		{D4C16E2D-1351-8408-A0D2-F6B5BB189616}.Release|Any CPU.ActiveCfg = Release|Any CPU
		{D4C16E2D-1351-8408-A0D2-F6B5BB189616}.Release|Any CPU.Build.0 = Release|Any CPU
		{73D2FA7D-A9DD-8FFA-F4C3-66F823B99E89}.Debug|Any CPU.ActiveCfg = Debug|Any CPU
		{73D2FA7D-A9DD-8FFA-F4C3-66F823B99E89}.Debug|Any CPU.Build.0 = Debug|Any CPU
		{73D2FA7D-A9DD-8FFA-F4C3-66F823B99E89}.Release|Any CPU.ActiveCfg = Release|Any CPU
		{73D2FA7D-A9DD-8FFA-F4C3-66F823B99E89}.Release|Any CPU.Build.0 = Release|Any CPU
		{B7A4AE4E-EC2A-5ED4-B16A-743D2D1FA522}.Debug|Any CPU.ActiveCfg = Debug|Any CPU
		{B7A4AE4E-EC2A-5ED4-B16A-743D2D1FA522}.Debug|Any CPU.Build.0 = Debug|Any CPU
		{B7A4AE4E-EC2A-5ED4-B16A-743D2D1FA522}.Release|Any CPU.ActiveCfg = Release|Any CPU
		{B7A4AE4E-EC2A-5ED4-B16A-743D2D1FA522}.Release|Any CPU.Build.0 = Release|Any CPU
		{E9E43215-86F9-40E0-A81D-986C48FB5A32}.Debug|Any CPU.ActiveCfg = Debug|Any CPU
		{E9E43215-86F9-40E0-A81D-986C48FB5A32}.Debug|Any CPU.Build.0 = Debug|Any CPU
		{E9E43215-86F9-40E0-A81D-986C48FB5A32}.Release|Any CPU.ActiveCfg = Release|Any CPU
		{E9E43215-86F9-40E0-A81D-986C48FB5A32}.Release|Any CPU.Build.0 = Release|Any CPU
		{93EE2E61-4D36-5450-3A49-97AE0AEE4671}.Debug|Any CPU.ActiveCfg = Debug|Any CPU
		{93EE2E61-4D36-5450-3A49-97AE0AEE4671}.Debug|Any CPU.Build.0 = Debug|Any CPU
		{93EE2E61-4D36-5450-3A49-97AE0AEE4671}.Release|Any CPU.ActiveCfg = Release|Any CPU
		{93EE2E61-4D36-5450-3A49-97AE0AEE4671}.Release|Any CPU.Build.0 = Release|Any CPU
		{53106A88-CC0A-9418-FFC9-E062BCC2ED31}.Debug|Any CPU.ActiveCfg = Debug|Any CPU
		{53106A88-CC0A-9418-FFC9-E062BCC2ED31}.Debug|Any CPU.Build.0 = Debug|Any CPU
		{53106A88-CC0A-9418-FFC9-E062BCC2ED31}.Release|Any CPU.ActiveCfg = Release|Any CPU
		{53106A88-CC0A-9418-FFC9-E062BCC2ED31}.Release|Any CPU.Build.0 = Release|Any CPU
		{7FCF9EBB-C773-528F-4E56-ECBAF8230757}.Debug|Any CPU.ActiveCfg = Debug|Any CPU
		{7FCF9EBB-C773-528F-4E56-ECBAF8230757}.Debug|Any CPU.Build.0 = Debug|Any CPU
		{7FCF9EBB-C773-528F-4E56-ECBAF8230757}.Release|Any CPU.ActiveCfg = Release|Any CPU
		{7FCF9EBB-C773-528F-4E56-ECBAF8230757}.Release|Any CPU.Build.0 = Release|Any CPU
		{9539F63E-5AB0-DDBC-FEAF-52670EE46BAD}.Debug|Any CPU.ActiveCfg = Debug|Any CPU
		{9539F63E-5AB0-DDBC-FEAF-52670EE46BAD}.Debug|Any CPU.Build.0 = Debug|Any CPU
		{9539F63E-5AB0-DDBC-FEAF-52670EE46BAD}.Release|Any CPU.ActiveCfg = Release|Any CPU
		{9539F63E-5AB0-DDBC-FEAF-52670EE46BAD}.Release|Any CPU.Build.0 = Release|Any CPU
		{C4823B66-179C-FC53-AED0-3D3F6C392877}.Debug|Any CPU.ActiveCfg = Debug|Any CPU
		{C4823B66-179C-FC53-AED0-3D3F6C392877}.Debug|Any CPU.Build.0 = Debug|Any CPU
		{C4823B66-179C-FC53-AED0-3D3F6C392877}.Release|Any CPU.ActiveCfg = Release|Any CPU
		{C4823B66-179C-FC53-AED0-3D3F6C392877}.Release|Any CPU.Build.0 = Release|Any CPU
		{99E01F8F-C41B-FA23-E287-D34E77FDF8B7}.Debug|Any CPU.ActiveCfg = Debug|Any CPU
		{99E01F8F-C41B-FA23-E287-D34E77FDF8B7}.Debug|Any CPU.Build.0 = Debug|Any CPU
		{99E01F8F-C41B-FA23-E287-D34E77FDF8B7}.Release|Any CPU.ActiveCfg = Release|Any CPU
		{99E01F8F-C41B-FA23-E287-D34E77FDF8B7}.Release|Any CPU.Build.0 = Release|Any CPU
		{78805823-0E12-1351-0766-CEB01E2F7444}.Debug|Any CPU.ActiveCfg = Debug|Any CPU
		{78805823-0E12-1351-0766-CEB01E2F7444}.Debug|Any CPU.Build.0 = Debug|Any CPU
		{78805823-0E12-1351-0766-CEB01E2F7444}.Release|Any CPU.ActiveCfg = Release|Any CPU
		{78805823-0E12-1351-0766-CEB01E2F7444}.Release|Any CPU.Build.0 = Release|Any CPU
		{FC2483CA-CD6F-9BB5-674D-B7D9AFDF5FB7}.Debug|Any CPU.ActiveCfg = Debug|Any CPU
		{FC2483CA-CD6F-9BB5-674D-B7D9AFDF5FB7}.Debug|Any CPU.Build.0 = Debug|Any CPU
		{FC2483CA-CD6F-9BB5-674D-B7D9AFDF5FB7}.Release|Any CPU.ActiveCfg = Release|Any CPU
		{FC2483CA-CD6F-9BB5-674D-B7D9AFDF5FB7}.Release|Any CPU.Build.0 = Release|Any CPU
		{8089B84C-B483-3A9D-9FEB-067D6A1AD42B}.Debug|Any CPU.ActiveCfg = Debug|Any CPU
		{8089B84C-B483-3A9D-9FEB-067D6A1AD42B}.Debug|Any CPU.Build.0 = Debug|Any CPU
		{8089B84C-B483-3A9D-9FEB-067D6A1AD42B}.Release|Any CPU.ActiveCfg = Release|Any CPU
		{8089B84C-B483-3A9D-9FEB-067D6A1AD42B}.Release|Any CPU.Build.0 = Release|Any CPU
		{A0FD7B1F-4921-99CA-42FC-030EE8452BDC}.Debug|Any CPU.ActiveCfg = Debug|Any CPU
		{A0FD7B1F-4921-99CA-42FC-030EE8452BDC}.Debug|Any CPU.Build.0 = Debug|Any CPU
		{A0FD7B1F-4921-99CA-42FC-030EE8452BDC}.Release|Any CPU.ActiveCfg = Release|Any CPU
		{A0FD7B1F-4921-99CA-42FC-030EE8452BDC}.Release|Any CPU.Build.0 = Release|Any CPU
		{CB9B8679-CF6A-B32A-5DFA-6AF0C069D8F7}.Debug|Any CPU.ActiveCfg = Debug|Any CPU
		{CB9B8679-CF6A-B32A-5DFA-6AF0C069D8F7}.Debug|Any CPU.Build.0 = Debug|Any CPU
		{CB9B8679-CF6A-B32A-5DFA-6AF0C069D8F7}.Release|Any CPU.ActiveCfg = Release|Any CPU
		{CB9B8679-CF6A-B32A-5DFA-6AF0C069D8F7}.Release|Any CPU.Build.0 = Release|Any CPU
		{2290694C-91ED-538A-F567-7D383CB56329}.Debug|Any CPU.ActiveCfg = Debug|Any CPU
		{2290694C-91ED-538A-F567-7D383CB56329}.Debug|Any CPU.Build.0 = Debug|Any CPU
		{2290694C-91ED-538A-F567-7D383CB56329}.Release|Any CPU.ActiveCfg = Release|Any CPU
		{2290694C-91ED-538A-F567-7D383CB56329}.Release|Any CPU.Build.0 = Release|Any CPU
		{3E6D5621-B514-6D70-84D6-B51F75B89A1F}.Debug|Any CPU.ActiveCfg = Debug|Any CPU
		{3E6D5621-B514-6D70-84D6-B51F75B89A1F}.Debug|Any CPU.Build.0 = Debug|Any CPU
		{3E6D5621-B514-6D70-84D6-B51F75B89A1F}.Release|Any CPU.ActiveCfg = Release|Any CPU
		{3E6D5621-B514-6D70-84D6-B51F75B89A1F}.Release|Any CPU.Build.0 = Release|Any CPU
		{139BF169-2951-CA50-D9C6-801D6AED843F}.Debug|Any CPU.ActiveCfg = Debug|Any CPU
		{139BF169-2951-CA50-D9C6-801D6AED843F}.Debug|Any CPU.Build.0 = Debug|Any CPU
		{139BF169-2951-CA50-D9C6-801D6AED843F}.Release|Any CPU.ActiveCfg = Release|Any CPU
		{139BF169-2951-CA50-D9C6-801D6AED843F}.Release|Any CPU.Build.0 = Release|Any CPU
		{7ADA0B45-E42F-678D-3316-E63F0859A944}.Debug|Any CPU.ActiveCfg = Debug|Any CPU
		{7ADA0B45-E42F-678D-3316-E63F0859A944}.Debug|Any CPU.Build.0 = Debug|Any CPU
		{7ADA0B45-E42F-678D-3316-E63F0859A944}.Release|Any CPU.ActiveCfg = Release|Any CPU
		{7ADA0B45-E42F-678D-3316-E63F0859A944}.Release|Any CPU.Build.0 = Release|Any CPU
		{930AEE3F-DF2C-D285-FF0D-2E8BEC150347}.Debug|Any CPU.ActiveCfg = Debug|Any CPU
		{930AEE3F-DF2C-D285-FF0D-2E8BEC150347}.Debug|Any CPU.Build.0 = Debug|Any CPU
		{930AEE3F-DF2C-D285-FF0D-2E8BEC150347}.Release|Any CPU.ActiveCfg = Release|Any CPU
		{930AEE3F-DF2C-D285-FF0D-2E8BEC150347}.Release|Any CPU.Build.0 = Release|Any CPU
		{7F7EBD64-AD10-10B6-066C-DD151592BEF3}.Debug|Any CPU.ActiveCfg = Debug|Any CPU
		{7F7EBD64-AD10-10B6-066C-DD151592BEF3}.Debug|Any CPU.Build.0 = Debug|Any CPU
		{7F7EBD64-AD10-10B6-066C-DD151592BEF3}.Release|Any CPU.ActiveCfg = Release|Any CPU
		{7F7EBD64-AD10-10B6-066C-DD151592BEF3}.Release|Any CPU.Build.0 = Release|Any CPU
		{CE61C34A-EF29-1380-679B-40194FFDCFE9}.Debug|Any CPU.ActiveCfg = Debug|Any CPU
		{CE61C34A-EF29-1380-679B-40194FFDCFE9}.Debug|Any CPU.Build.0 = Debug|Any CPU
		{CE61C34A-EF29-1380-679B-40194FFDCFE9}.Release|Any CPU.ActiveCfg = Release|Any CPU
		{CE61C34A-EF29-1380-679B-40194FFDCFE9}.Release|Any CPU.Build.0 = Release|Any CPU
		{D8381E79-D18E-AA89-BCCF-A5953F1B5E73}.Debug|Any CPU.ActiveCfg = Debug|Any CPU
		{D8381E79-D18E-AA89-BCCF-A5953F1B5E73}.Debug|Any CPU.Build.0 = Debug|Any CPU
		{D8381E79-D18E-AA89-BCCF-A5953F1B5E73}.Release|Any CPU.ActiveCfg = Release|Any CPU
		{D8381E79-D18E-AA89-BCCF-A5953F1B5E73}.Release|Any CPU.Build.0 = Release|Any CPU
		{74617594-1AC0-72F4-5E1D-5C1F353651D1}.Debug|Any CPU.ActiveCfg = Debug|Any CPU
		{74617594-1AC0-72F4-5E1D-5C1F353651D1}.Debug|Any CPU.Build.0 = Debug|Any CPU
		{74617594-1AC0-72F4-5E1D-5C1F353651D1}.Release|Any CPU.ActiveCfg = Release|Any CPU
		{74617594-1AC0-72F4-5E1D-5C1F353651D1}.Release|Any CPU.Build.0 = Release|Any CPU
		{6AB5376F-6B8F-F2AB-1112-39E769E092E1}.Debug|Any CPU.ActiveCfg = Debug|Any CPU
		{6AB5376F-6B8F-F2AB-1112-39E769E092E1}.Debug|Any CPU.Build.0 = Debug|Any CPU
		{6AB5376F-6B8F-F2AB-1112-39E769E092E1}.Release|Any CPU.ActiveCfg = Release|Any CPU
		{6AB5376F-6B8F-F2AB-1112-39E769E092E1}.Release|Any CPU.Build.0 = Release|Any CPU
		{D4DE023D-FA41-E4E0-BFBC-166E506583CC}.Debug|Any CPU.ActiveCfg = Debug|Any CPU
		{D4DE023D-FA41-E4E0-BFBC-166E506583CC}.Debug|Any CPU.Build.0 = Debug|Any CPU
		{D4DE023D-FA41-E4E0-BFBC-166E506583CC}.Release|Any CPU.ActiveCfg = Release|Any CPU
		{D4DE023D-FA41-E4E0-BFBC-166E506583CC}.Release|Any CPU.Build.0 = Release|Any CPU
		{94DDA6CD-F81D-63CD-5B2D-72A37D84393E}.Debug|Any CPU.ActiveCfg = Debug|Any CPU
		{94DDA6CD-F81D-63CD-5B2D-72A37D84393E}.Debug|Any CPU.Build.0 = Debug|Any CPU
		{94DDA6CD-F81D-63CD-5B2D-72A37D84393E}.Release|Any CPU.ActiveCfg = Release|Any CPU
		{94DDA6CD-F81D-63CD-5B2D-72A37D84393E}.Release|Any CPU.Build.0 = Release|Any CPU
		{52496E81-BFA4-3004-627D-E0596068494A}.Debug|Any CPU.ActiveCfg = Debug|Any CPU
		{52496E81-BFA4-3004-627D-E0596068494A}.Debug|Any CPU.Build.0 = Debug|Any CPU
		{52496E81-BFA4-3004-627D-E0596068494A}.Release|Any CPU.ActiveCfg = Release|Any CPU
		{52496E81-BFA4-3004-627D-E0596068494A}.Release|Any CPU.Build.0 = Release|Any CPU
		{E0B85D1B-0397-4DC0-6BEA-9917BE63E1D9}.Debug|Any CPU.ActiveCfg = Debug|Any CPU
		{E0B85D1B-0397-4DC0-6BEA-9917BE63E1D9}.Debug|Any CPU.Build.0 = Debug|Any CPU
		{E0B85D1B-0397-4DC0-6BEA-9917BE63E1D9}.Release|Any CPU.ActiveCfg = Release|Any CPU
		{E0B85D1B-0397-4DC0-6BEA-9917BE63E1D9}.Release|Any CPU.Build.0 = Release|Any CPU
		{D53E429E-A668-9A33-63D2-D54AD7A6685C}.Debug|Any CPU.ActiveCfg = Debug|Any CPU
		{D53E429E-A668-9A33-63D2-D54AD7A6685C}.Debug|Any CPU.Build.0 = Debug|Any CPU
		{D53E429E-A668-9A33-63D2-D54AD7A6685C}.Release|Any CPU.ActiveCfg = Release|Any CPU
		{D53E429E-A668-9A33-63D2-D54AD7A6685C}.Release|Any CPU.Build.0 = Release|Any CPU
		{A790C74F-78B7-C39C-6744-A2AA10E43502}.Debug|Any CPU.ActiveCfg = Debug|Any CPU
		{A790C74F-78B7-C39C-6744-A2AA10E43502}.Debug|Any CPU.Build.0 = Debug|Any CPU
		{A790C74F-78B7-C39C-6744-A2AA10E43502}.Release|Any CPU.ActiveCfg = Release|Any CPU
		{A790C74F-78B7-C39C-6744-A2AA10E43502}.Release|Any CPU.Build.0 = Release|Any CPU
		{66DE78D9-1BBD-3C59-B964-4331BA0BB4D7}.Debug|Any CPU.ActiveCfg = Debug|Any CPU
		{66DE78D9-1BBD-3C59-B964-4331BA0BB4D7}.Debug|Any CPU.Build.0 = Debug|Any CPU
		{66DE78D9-1BBD-3C59-B964-4331BA0BB4D7}.Release|Any CPU.ActiveCfg = Release|Any CPU
		{66DE78D9-1BBD-3C59-B964-4331BA0BB4D7}.Release|Any CPU.Build.0 = Release|Any CPU
		{CCF6D7CF-99E3-DE4D-DD05-E811A7D2FF72}.Debug|Any CPU.ActiveCfg = Debug|Any CPU
		{CCF6D7CF-99E3-DE4D-DD05-E811A7D2FF72}.Debug|Any CPU.Build.0 = Debug|Any CPU
		{CCF6D7CF-99E3-DE4D-DD05-E811A7D2FF72}.Release|Any CPU.ActiveCfg = Release|Any CPU
		{CCF6D7CF-99E3-DE4D-DD05-E811A7D2FF72}.Release|Any CPU.Build.0 = Release|Any CPU
		{F89B4C1F-DE05-CE45-23E6-22774B9309F1}.Debug|Any CPU.ActiveCfg = Debug|Any CPU
		{F89B4C1F-DE05-CE45-23E6-22774B9309F1}.Debug|Any CPU.Build.0 = Debug|Any CPU
		{F89B4C1F-DE05-CE45-23E6-22774B9309F1}.Release|Any CPU.ActiveCfg = Release|Any CPU
		{F89B4C1F-DE05-CE45-23E6-22774B9309F1}.Release|Any CPU.Build.0 = Release|Any CPU
		{40913182-3A94-DD3A-EE6C-4CB3E2130C38}.Debug|Any CPU.ActiveCfg = Debug|Any CPU
		{40913182-3A94-DD3A-EE6C-4CB3E2130C38}.Debug|Any CPU.Build.0 = Debug|Any CPU
		{40913182-3A94-DD3A-EE6C-4CB3E2130C38}.Release|Any CPU.ActiveCfg = Release|Any CPU
		{40913182-3A94-DD3A-EE6C-4CB3E2130C38}.Release|Any CPU.Build.0 = Release|Any CPU
		{ED82ABDA-E70C-7A83-646B-56D25205777B}.Debug|Any CPU.ActiveCfg = Debug|Any CPU
		{ED82ABDA-E70C-7A83-646B-56D25205777B}.Debug|Any CPU.Build.0 = Debug|Any CPU
		{ED82ABDA-E70C-7A83-646B-56D25205777B}.Release|Any CPU.ActiveCfg = Release|Any CPU
		{ED82ABDA-E70C-7A83-646B-56D25205777B}.Release|Any CPU.Build.0 = Release|Any CPU
		{31BCAF40-3400-F18A-F19A-8AF854C71648}.Debug|Any CPU.ActiveCfg = Debug|Any CPU
		{31BCAF40-3400-F18A-F19A-8AF854C71648}.Debug|Any CPU.Build.0 = Debug|Any CPU
		{31BCAF40-3400-F18A-F19A-8AF854C71648}.Release|Any CPU.ActiveCfg = Release|Any CPU
		{31BCAF40-3400-F18A-F19A-8AF854C71648}.Release|Any CPU.Build.0 = Release|Any CPU
		{6C58280C-1E20-5AE9-4BE0-A1C0A5831400}.Debug|Any CPU.ActiveCfg = Debug|Any CPU
		{6C58280C-1E20-5AE9-4BE0-A1C0A5831400}.Debug|Any CPU.Build.0 = Debug|Any CPU
		{6C58280C-1E20-5AE9-4BE0-A1C0A5831400}.Release|Any CPU.ActiveCfg = Release|Any CPU
		{6C58280C-1E20-5AE9-4BE0-A1C0A5831400}.Release|Any CPU.Build.0 = Release|Any CPU
		{B8B20E19-B726-A5CF-5CD7-0BDBA362B32E}.Debug|Any CPU.ActiveCfg = Debug|Any CPU
		{B8B20E19-B726-A5CF-5CD7-0BDBA362B32E}.Debug|Any CPU.Build.0 = Debug|Any CPU
		{B8B20E19-B726-A5CF-5CD7-0BDBA362B32E}.Release|Any CPU.ActiveCfg = Release|Any CPU
		{B8B20E19-B726-A5CF-5CD7-0BDBA362B32E}.Release|Any CPU.Build.0 = Release|Any CPU
	EndGlobalSection
	GlobalSection(SolutionProperties) = preSolution
		HideSolutionNode = FALSE
	EndGlobalSection
	GlobalSection(NestedProjects) = preSolution
		{1186F6E3-1C65-29E7-A085-0DE46A2539D2} = {809F86A1-1C4C-B159-0CD4-DF9D33D876CE}
		{C71E4225-A7AA-3CCB-3F5A-A6E64E45EF74} = {1186F6E3-1C65-29E7-A085-0DE46A2539D2}
		{11A64020-2AAF-92F4-AB02-63EF13D40E25} = {C71E4225-A7AA-3CCB-3F5A-A6E64E45EF74}
		{0F26BF66-7973-78E3-B6B5-6EF84B7D1B55} = {809F86A1-1C4C-B159-0CD4-DF9D33D876CE}
		{EBE28974-BCB0-2639-05CE-18D4ADE3736C} = {0F26BF66-7973-78E3-B6B5-6EF84B7D1B55}
		{64D781BD-E3EB-4EA5-5C66-EAE2CF21A79F} = {EBE28974-BCB0-2639-05CE-18D4ADE3736C}
		{27B84EAA-C397-AEFA-4572-0B90CD70755F} = {809F86A1-1C4C-B159-0CD4-DF9D33D876CE}
		{2B6D9799-AAA8-EB38-8FDF-B48FC0CE03A2} = {27B84EAA-C397-AEFA-4572-0B90CD70755F}
		{E3698DAF-27DB-8E67-A568-E27A2E74B16E} = {2B6D9799-AAA8-EB38-8FDF-B48FC0CE03A2}
		{DC195ABF-CB88-BEEF-05F7-C0ABED246989} = {809F86A1-1C4C-B159-0CD4-DF9D33D876CE}
		{377E402A-E20B-A993-396E-5D7F59A3AE3D} = {DC195ABF-CB88-BEEF-05F7-C0ABED246989}
		{9563DDC8-00A5-EE0E-9F6C-77B9051FEBBC} = {377E402A-E20B-A993-396E-5D7F59A3AE3D}
		{C76C754F-D8F5-A717-4B51-3E72B49129EC} = {809F86A1-1C4C-B159-0CD4-DF9D33D876CE}
		{06FB6FEB-D756-8389-B588-57453D920FEB} = {C76C754F-D8F5-A717-4B51-3E72B49129EC}
		{CF75C6D5-965E-C3CB-87BD-02B19D923C3B} = {06FB6FEB-D756-8389-B588-57453D920FEB}
		{AF8D98AE-CD55-2AB4-9279-9A2A89CF4E5D} = {809F86A1-1C4C-B159-0CD4-DF9D33D876CE}
		{6028BDCD-118B-3270-9B85-AA489BB3267A} = {AF8D98AE-CD55-2AB4-9279-9A2A89CF4E5D}
		{D4C16E2D-1351-8408-A0D2-F6B5BB189616} = {6028BDCD-118B-3270-9B85-AA489BB3267A}
		{6EEEC3D6-3708-7675-DBB3-1A5E51B6CD15} = {809F86A1-1C4C-B159-0CD4-DF9D33D876CE}
		{3470038A-55E6-924F-B9EC-06600B2B1A61} = {6EEEC3D6-3708-7675-DBB3-1A5E51B6CD15}
		{73D2FA7D-A9DD-8FFA-F4C3-66F823B99E89} = {3470038A-55E6-924F-B9EC-06600B2B1A61}
		{C82330FA-0BF1-B820-B1E1-92183DF9B7D1} = {809F86A1-1C4C-B159-0CD4-DF9D33D876CE}
		{92643232-74A0-222B-E34C-81B341D16D0C} = {C82330FA-0BF1-B820-B1E1-92183DF9B7D1}
		{B7A4AE4E-EC2A-5ED4-B16A-743D2D1FA522} = {92643232-74A0-222B-E34C-81B341D16D0C}
		{D398EAE1-C8F8-70CD-69B5-2E4E24BEE3BB} = {809F86A1-1C4C-B159-0CD4-DF9D33D876CE}
		{9EEE25A2-07EA-621F-2135-95B97BAA6ACB} = {D398EAE1-C8F8-70CD-69B5-2E4E24BEE3BB}
		{E9E43215-86F9-40E0-A81D-986C48FB5A32} = {9EEE25A2-07EA-621F-2135-95B97BAA6ACB}
		{4B56E9E0-57C3-3B6E-9673-087532A78534} = {809F86A1-1C4C-B159-0CD4-DF9D33D876CE}
		{DBF96440-877B-10B0-0AB2-B1DC129FB3C8} = {4B56E9E0-57C3-3B6E-9673-087532A78534}
		{93EE2E61-4D36-5450-3A49-97AE0AEE4671} = {DBF96440-877B-10B0-0AB2-B1DC129FB3C8}
		{C1F0DA73-4975-B4BE-1479-CF451C04DEA7} = {809F86A1-1C4C-B159-0CD4-DF9D33D876CE}
		{D8F55AE2-64E0-7868-2088-4130E0B54686} = {C1F0DA73-4975-B4BE-1479-CF451C04DEA7}
		{53106A88-CC0A-9418-FFC9-E062BCC2ED31} = {D8F55AE2-64E0-7868-2088-4130E0B54686}
		{6B56BAA0-5D93-5E9D-DEA6-AD115415FCF5} = {809F86A1-1C4C-B159-0CD4-DF9D33D876CE}
		{A70D1388-A2D0-713E-0363-A27F9338BC1A} = {6B56BAA0-5D93-5E9D-DEA6-AD115415FCF5}
		{7FCF9EBB-C773-528F-4E56-ECBAF8230757} = {A70D1388-A2D0-713E-0363-A27F9338BC1A}
		{5D2C2EEA-0576-6671-012F-441C4653FD39} = {809F86A1-1C4C-B159-0CD4-DF9D33D876CE}
		{6F45F1E2-4694-500C-AEFC-5F1B02ABDF1B} = {5D2C2EEA-0576-6671-012F-441C4653FD39}
		{9539F63E-5AB0-DDBC-FEAF-52670EE46BAD} = {6F45F1E2-4694-500C-AEFC-5F1B02ABDF1B}
		{A0A5E9E7-7139-E46A-1111-7453603962C9} = {809F86A1-1C4C-B159-0CD4-DF9D33D876CE}
		{D43E92C8-5260-BE57-6B2A-C32C615372C2} = {A0A5E9E7-7139-E46A-1111-7453603962C9}
		{C4823B66-179C-FC53-AED0-3D3F6C392877} = {D43E92C8-5260-BE57-6B2A-C32C615372C2}
		{EAB9D172-5C89-1EEF-27E0-6BA40FC02AE7} = {809F86A1-1C4C-B159-0CD4-DF9D33D876CE}
		{0B4F1F45-C104-48EA-0B96-32DD6E5EA8D5} = {EAB9D172-5C89-1EEF-27E0-6BA40FC02AE7}
		{99E01F8F-C41B-FA23-E287-D34E77FDF8B7} = {0B4F1F45-C104-48EA-0B96-32DD6E5EA8D5}
		{AEF56CB3-E52E-6A70-F91E-F8BAD31A38E7} = {809F86A1-1C4C-B159-0CD4-DF9D33D876CE}
		{3234BD33-4007-4194-9656-6AD51DB0E80A} = {AEF56CB3-E52E-6A70-F91E-F8BAD31A38E7}
		{78805823-0E12-1351-0766-CEB01E2F7444} = {3234BD33-4007-4194-9656-6AD51DB0E80A}
		{85C971AD-4C2C-B724-7472-16715BF64C38} = {809F86A1-1C4C-B159-0CD4-DF9D33D876CE}
		{E68C16DD-DD30-FC32-454D-A94D4D065106} = {85C971AD-4C2C-B724-7472-16715BF64C38}
		{FC2483CA-CD6F-9BB5-674D-B7D9AFDF5FB7} = {E68C16DD-DD30-FC32-454D-A94D4D065106}
		{00D16636-5608-FE55-C88E-7041A2971825} = {809F86A1-1C4C-B159-0CD4-DF9D33D876CE}
		{E7184E5A-9BA8-E5F2-B0C8-8ECBC6F45C1D} = {00D16636-5608-FE55-C88E-7041A2971825}
		{8089B84C-B483-3A9D-9FEB-067D6A1AD42B} = {E7184E5A-9BA8-E5F2-B0C8-8ECBC6F45C1D}
		{D3909EA4-DF3F-E9EF-0E0C-054BD410D2C5} = {809F86A1-1C4C-B159-0CD4-DF9D33D876CE}
		{D63732CA-4E32-51E7-7F23-D96784CC6138} = {D3909EA4-DF3F-E9EF-0E0C-054BD410D2C5}
		{A0FD7B1F-4921-99CA-42FC-030EE8452BDC} = {D63732CA-4E32-51E7-7F23-D96784CC6138}
		{189F2956-EA81-822D-BF28-DF05D1549267} = {809F86A1-1C4C-B159-0CD4-DF9D33D876CE}
		{EEAF4533-FACE-7D9C-9115-0835AB89EB61} = {189F2956-EA81-822D-BF28-DF05D1549267}
		{CB9B8679-CF6A-B32A-5DFA-6AF0C069D8F7} = {EEAF4533-FACE-7D9C-9115-0835AB89EB61}
		{A248FB5B-50A5-D018-D440-A72F744B7CC3} = {809F86A1-1C4C-B159-0CD4-DF9D33D876CE}
		{BD92C1EF-455B-E6FC-136D-256B8A9C6B36} = {A248FB5B-50A5-D018-D440-A72F744B7CC3}
		{2290694C-91ED-538A-F567-7D383CB56329} = {BD92C1EF-455B-E6FC-136D-256B8A9C6B36}
		{6BD79F1E-7D37-F806-DE13-DBBA982D3CA1} = {809F86A1-1C4C-B159-0CD4-DF9D33D876CE}
		{7AB32B1E-5383-30E7-02AF-001A9CD9E8E3} = {6BD79F1E-7D37-F806-DE13-DBBA982D3CA1}
		{3E6D5621-B514-6D70-84D6-B51F75B89A1F} = {7AB32B1E-5383-30E7-02AF-001A9CD9E8E3}
		{242EF8A6-C497-C4CF-D4D2-66CF7EA372B2} = {809F86A1-1C4C-B159-0CD4-DF9D33D876CE}
		{249982BB-3386-F848-0C2F-007B2F72DA51} = {242EF8A6-C497-C4CF-D4D2-66CF7EA372B2}
		{139BF169-2951-CA50-D9C6-801D6AED843F} = {249982BB-3386-F848-0C2F-007B2F72DA51}
		{034E324B-53D2-1335-8732-70FFB5012498} = {809F86A1-1C4C-B159-0CD4-DF9D33D876CE}
		{D6F810A9-5AE7-9E37-661B-83865AE6C5AB} = {034E324B-53D2-1335-8732-70FFB5012498}
		{7ADA0B45-E42F-678D-3316-E63F0859A944} = {D6F810A9-5AE7-9E37-661B-83865AE6C5AB}
		{5B56441D-E383-23FA-4D59-9C7CEEB15F4B} = {809F86A1-1C4C-B159-0CD4-DF9D33D876CE}
		{BA686149-B90B-5BDC-26DF-10D4246AB688} = {5B56441D-E383-23FA-4D59-9C7CEEB15F4B}
		{930AEE3F-DF2C-D285-FF0D-2E8BEC150347} = {BA686149-B90B-5BDC-26DF-10D4246AB688}
		{354837D0-89BD-6CD2-EBC0-231CC070161E} = {809F86A1-1C4C-B159-0CD4-DF9D33D876CE}
		{F27604AD-160A-F682-CA74-25C53A03A5C8} = {354837D0-89BD-6CD2-EBC0-231CC070161E}
		{7F7EBD64-AD10-10B6-066C-DD151592BEF3} = {F27604AD-160A-F682-CA74-25C53A03A5C8}
		{C53B38A9-CB2D-65E6-4036-389A23B149BF} = {809F86A1-1C4C-B159-0CD4-DF9D33D876CE}
		{9FA8CC1F-BA9C-A007-5379-52DDA2F3F15F} = {C53B38A9-CB2D-65E6-4036-389A23B149BF}
		{CE61C34A-EF29-1380-679B-40194FFDCFE9} = {9FA8CC1F-BA9C-A007-5379-52DDA2F3F15F}
		{EB174E21-5FAC-5CA0-FD04-36712B2324DF} = {809F86A1-1C4C-B159-0CD4-DF9D33D876CE}
		{D695D07D-2DA2-B810-270D-AE9CC2408E0F} = {EB174E21-5FAC-5CA0-FD04-36712B2324DF}
		{D8381E79-D18E-AA89-BCCF-A5953F1B5E73} = {D695D07D-2DA2-B810-270D-AE9CC2408E0F}
		{017E1357-67A6-2E73-0179-2F0AFFA84523} = {809F86A1-1C4C-B159-0CD4-DF9D33D876CE}
		{8832313C-FC6F-BE50-16F5-C4F70E33E413} = {017E1357-67A6-2E73-0179-2F0AFFA84523}
		{74617594-1AC0-72F4-5E1D-5C1F353651D1} = {8832313C-FC6F-BE50-16F5-C4F70E33E413}
		{5D54CB8E-C28E-20BF-ED16-884BDE7C62D6} = {809F86A1-1C4C-B159-0CD4-DF9D33D876CE}
		{48785610-DF35-B1B1-A0BD-07F34C629631} = {5D54CB8E-C28E-20BF-ED16-884BDE7C62D6}
		{6AB5376F-6B8F-F2AB-1112-39E769E092E1} = {48785610-DF35-B1B1-A0BD-07F34C629631}
		{F45F25F0-2421-7AFD-8DBE-3EFDF8988506} = {809F86A1-1C4C-B159-0CD4-DF9D33D876CE}
		{A7DDCAEE-5996-4380-2B79-6E55C0A062F0} = {F45F25F0-2421-7AFD-8DBE-3EFDF8988506}
		{D4DE023D-FA41-E4E0-BFBC-166E506583CC} = {A7DDCAEE-5996-4380-2B79-6E55C0A062F0}
		{6BF09BB8-4F3E-394F-4CF3-CB7E6C1FCFE6} = {809F86A1-1C4C-B159-0CD4-DF9D33D876CE}
		{3E96C5DD-7AC6-443E-16C8-5E3EFA045356} = {6BF09BB8-4F3E-394F-4CF3-CB7E6C1FCFE6}
		{94DDA6CD-F81D-63CD-5B2D-72A37D84393E} = {3E96C5DD-7AC6-443E-16C8-5E3EFA045356}
		{EEE9E84B-D9FC-B55E-7602-CA940EB3DAE8} = {809F86A1-1C4C-B159-0CD4-DF9D33D876CE}
		{96762B5D-938D-A837-1FF7-001DAFBCC1FC} = {EEE9E84B-D9FC-B55E-7602-CA940EB3DAE8}
		{52496E81-BFA4-3004-627D-E0596068494A} = {96762B5D-938D-A837-1FF7-001DAFBCC1FC}
		{27C1C2D2-2FD6-A955-E398-1B2C910391D8} = {809F86A1-1C4C-B159-0CD4-DF9D33D876CE}
		{97BD22B4-39F9-AF71-7088-0A5F2726CC2F} = {27C1C2D2-2FD6-A955-E398-1B2C910391D8}
		{E0B85D1B-0397-4DC0-6BEA-9917BE63E1D9} = {97BD22B4-39F9-AF71-7088-0A5F2726CC2F}
		{36C81D52-E238-9D9A-C4D1-AE5C432B847B} = {809F86A1-1C4C-B159-0CD4-DF9D33D876CE}
		{D0A1067A-6486-ADDF-6957-B607D554872E} = {36C81D52-E238-9D9A-C4D1-AE5C432B847B}
		{D53E429E-A668-9A33-63D2-D54AD7A6685C} = {D0A1067A-6486-ADDF-6957-B607D554872E}
		{6A3F44A1-2268-F20F-2F53-96A778DC3C89} = {809F86A1-1C4C-B159-0CD4-DF9D33D876CE}
		{5F5C3ED2-CECE-CB9D-F308-BED481195A82} = {6A3F44A1-2268-F20F-2F53-96A778DC3C89}
		{A790C74F-78B7-C39C-6744-A2AA10E43502} = {5F5C3ED2-CECE-CB9D-F308-BED481195A82}
		{A5956CEE-2A23-1194-1D62-A0E8FB3B0DC0} = {809F86A1-1C4C-B159-0CD4-DF9D33D876CE}
		{685F67C9-7657-8B67-767F-8C187960D307} = {A5956CEE-2A23-1194-1D62-A0E8FB3B0DC0}
		{66DE78D9-1BBD-3C59-B964-4331BA0BB4D7} = {685F67C9-7657-8B67-767F-8C187960D307}
		{F1E2E316-9A18-206A-A9D7-D000B5E97355} = {07C2787E-EAC7-C090-1BA3-A61EC2A24D84}
		{D1CC3568-9A1B-B4C9-8BAF-119EB2DB9958} = {F1E2E316-9A18-206A-A9D7-D000B5E97355}
		{53CEFF88-E08B-40BB-D294-05F08356CEA6} = {D1CC3568-9A1B-B4C9-8BAF-119EB2DB9958}
		{CCF6D7CF-99E3-DE4D-DD05-E811A7D2FF72} = {53CEFF88-E08B-40BB-D294-05F08356CEA6}
		{FB54BA40-8036-B0AE-EABA-7223A74541F1} = {809F86A1-1C4C-B159-0CD4-DF9D33D876CE}
		{C450CC28-E4E6-DED1-5CCB-4DF00E03E39A} = {FB54BA40-8036-B0AE-EABA-7223A74541F1}
		{C9E9850F-CEDC-1066-38BD-9E1CE6EE9892} = {C450CC28-E4E6-DED1-5CCB-4DF00E03E39A}
		{F89B4C1F-DE05-CE45-23E6-22774B9309F1} = {C9E9850F-CEDC-1066-38BD-9E1CE6EE9892}
		{1A958947-B891-5500-96D3-1EBD85E2CFA2} = {C450CC28-E4E6-DED1-5CCB-4DF00E03E39A}
		{40913182-3A94-DD3A-EE6C-4CB3E2130C38} = {1A958947-B891-5500-96D3-1EBD85E2CFA2}
		{01F99059-06FE-83BC-098A-C2930AED05EC} = {809F86A1-1C4C-B159-0CD4-DF9D33D876CE}
		{36099395-919E-2825-6E38-4B83EAD9996E} = {01F99059-06FE-83BC-098A-C2930AED05EC}
		{FD9B3727-04C5-8579-B94B-6DF29854543E} = {36099395-919E-2825-6E38-4B83EAD9996E}
		{ED82ABDA-E70C-7A83-646B-56D25205777B} = {FD9B3727-04C5-8579-B94B-6DF29854543E}
		{31BCAF40-3400-F18A-F19A-8AF854C71648} = {FD9B3727-04C5-8579-B94B-6DF29854543E}
		{7F2A6608-D0A5-195A-5AA6-29E265ACE917} = {809F86A1-1C4C-B159-0CD4-DF9D33D876CE}
		{9994090C-684C-E433-5555-08CA6E933992} = {7F2A6608-D0A5-195A-5AA6-29E265ACE917}
		{94F0B821-B0F6-9DCC-4414-4047B011B290} = {9994090C-684C-E433-5555-08CA6E933992}
		{6C58280C-1E20-5AE9-4BE0-A1C0A5831400} = {94F0B821-B0F6-9DCC-4414-4047B011B290}
		{74866D74-638F-0EE4-3C0C-32B4DB00D05E} = {9994090C-684C-E433-5555-08CA6E933992}
		{B8B20E19-B726-A5CF-5CD7-0BDBA362B32E} = {74866D74-638F-0EE4-3C0C-32B4DB00D05E}
	EndGlobalSection
	GlobalSection(ExtensibilityGlobals) = postSolution
		SolutionGuid = {A4530D99-553F-4B07-A582-8BEE10D18EE0}
	EndGlobalSection
EndGlobal
